
Microsoft Visual Studio Solution File, Format Version 12.00
# Visual Studio Version 17
VisualStudioVersion = 17.14.36310.24 d17.14
MinimumVisualStudioVersion = 10.0.40219.1
Project("{FAE04EC0-301F-11D3-BF4B-00C04F79EFBC}") = "ConsoleApp1", "ConsoleApp1.csproj", "{75F5E060-B4E0-4434-9981-38CA3625334A}"
EndProject
Global
	GlobalSection(SolutionConfigurationPlatforms) = preSolution
		Debug|Any CPU = Debug|Any CPU
		Release|Any CPU = Release|Any CPU
	EndGlobalSection
	GlobalSection(ProjectConfigurationPlatforms) = postSolution
		{75F5E060-B4E0-4434-9981-38CA3625334A}.Debug|Any CPU.ActiveCfg = Debug|Any CPU
		{75F5E060-B4E0-4434-9981-38CA3625334A}.Debug|Any CPU.Build.0 = Debug|Any CPU
		{75F5E060-B4E0-4434-9981-38CA3625334A}.Release|Any CPU.ActiveCfg = Release|Any CPU
		{75F5E060-B4E0-4434-9981-38CA3625334A}.Release|Any CPU.Build.0 = Release|Any CPU
	EndGlobalSection
	GlobalSection(SolutionProperties) = preSolution
		HideSolutionNode = FALSE
	EndGlobalSection
	GlobalSection(ExtensibilityGlobals) = postSolution
		SolutionGuid = {5FD113EA-F4E1-48EC-9611-4CD6ED869AB4}
	EndGlobalSection
EndGlobal
